
Microsoft Visual Studio Solution File, Format Version 12.00
# Visual Studio Version 16
VisualStudioVersion = 16.0.29509.3
MinimumVisualStudioVersion = 10.0.40219.1
Project("{9A19103F-16F7-4668-BE54-9A1E7A4F7556}") = "UniversityTask.WinForms", "UniversityTask\UniversityTask.WinForms.csproj", "{D98667FE-0DD6-4CE7-8AC9-C5D01ADB1027}"
EndProject
Project("{FAE04EC0-301F-11D3-BF4B-00C04F79EFBC}") = "UnviversityTask.Core", "UnviversityTask.Core\UnviversityTask.Core.csproj", "{F090BDD5-AB76-4919-9CB2-C7150951A243}"
EndProject
Project("{FAE04EC0-301F-11D3-BF4B-00C04F79EFBC}") = "UniversityTask.Bench", "UniversityTask.Bench\UniversityTask.Bench.csproj", "{C975C2B9-A7B0-4B90-AE25-1A27997F34DB}"
EndProject
Global
	GlobalSection(SolutionConfigurationPlatforms) = preSolution
		Debug|Any CPU = Debug|Any CPU
		Release|Any CPU = Release|Any CPU
	EndGlobalSection
	GlobalSection(ProjectConfigurationPlatforms) = postSolution
		{D98667FE-0DD6-4CE7-8AC9-C5D01ADB1027}.Debug|Any CPU.ActiveCfg = Debug|Any CPU
		{D98667FE-0DD6-4CE7-8AC9-C5D01ADB1027}.Debug|Any CPU.Build.0 = Debug|Any CPU
		{D98667FE-0DD6-4CE7-8AC9-C5D01ADB1027}.Release|Any CPU.ActiveCfg = Release|Any CPU
		{D98667FE-0DD6-4CE7-8AC9-C5D01ADB1027}.Release|Any CPU.Build.0 = Release|Any CPU
		{F090BDD5-AB76-4919-9CB2-C7150951A243}.Debug|Any CPU.ActiveCfg = Debug|Any CPU
		{F090BDD5-AB76-4919-9CB2-C7150951A243}.Debug|Any CPU.Build.0 = Debug|Any CPU
		{F090BDD5-AB76-4919-9CB2-C7150951A243}.Release|Any CPU.ActiveCfg = Release|Any CPU
		{F090BDD5-AB76-4919-9CB2-C7150951A243}.Release|Any CPU.Build.0 = Release|Any CPU
		{C975C2B9-A7B0-4B90-AE25-1A27997F34DB}.Debug|Any CPU.ActiveCfg = Debug|Any CPU
		{C975C2B9-A7B0-4B90-AE25-1A27997F34DB}.Debug|Any CPU.Build.0 = Debug|Any CPU
		{C975C2B9-A7B0-4B90-AE25-1A27997F34DB}.Release|Any CPU.ActiveCfg = Release|Any CPU
		{C975C2B9-A7B0-4B90-AE25-1A27997F34DB}.Release|Any CPU.Build.0 = Release|Any CPU
	EndGlobalSection
	GlobalSection(SolutionProperties) = preSolution
		HideSolutionNode = FALSE
	EndGlobalSection
	GlobalSection(ExtensibilityGlobals) = postSolution
		SolutionGuid = {00D0294D-2A6C-444C-83F6-E70977D3E9FC}
	EndGlobalSection
EndGlobal
